
Microsoft Visual Studio Solution File, Format Version 12.00
# Visual Studio 15
VisualStudioVersion = 15.0.27428.2015
MinimumVisualStudioVersion = 10.0.40219.1
Project("{FAE04EC0-301F-11D3-BF4B-00C04F79EFBC}") = "Lab_2", "Lab_2\Lab_2.csproj", "{56AF6B9A-FA85-49B7-AE5A-7C19E044808F}"
EndProject
Global
	GlobalSection(SolutionConfigurationPlatforms) = preSolution
		Debug|Any CPU = Debug|Any CPU
		Release|Any CPU = Release|Any CPU
	EndGlobalSection
	GlobalSection(ProjectConfigurationPlatforms) = postSolution
		{56AF6B9A-FA85-49B7-AE5A-7C19E044808F}.Debug|Any CPU.ActiveCfg = Debug|Any CPU
		{56AF6B9A-FA85-49B7-AE5A-7C19E044808F}.Debug|Any CPU.Build.0 = Debug|Any CPU
		{56AF6B9A-FA85-49B7-AE5A-7C19E044808F}.Release|Any CPU.ActiveCfg = Release|Any CPU
		{56AF6B9A-FA85-49B7-AE5A-7C19E044808F}.Release|Any CPU.Build.0 = Release|Any CPU
	EndGlobalSection
	GlobalSection(SolutionProperties) = preSolution
		HideSolutionNode = FALSE
	EndGlobalSection
	GlobalSection(ExtensibilityGlobals) = postSolution
		SolutionGuid = {FE0EE08B-42FC-43A2-9785-5745B4F66D9A}
	EndGlobalSection
EndGlobal
